
Microsoft Visual Studio Solution File, Format Version 12.00
# Visual Studio 15
VisualStudioVersion = 15.0.28307.852
MinimumVisualStudioVersion = 10.0.40219.1
Project("{FAE04EC0-301F-11D3-BF4B-00C04F79EFBC}") = "bir kelime", "bir kelime\bir kelime.csproj", "{6356D05F-6B8C-470A-98A7-8963C52BBCED}"
EndProject
Global
	GlobalSection(SolutionConfigurationPlatforms) = preSolution
		Debug|Any CPU = Debug|Any CPU
		Release|Any CPU = Release|Any CPU
	EndGlobalSection
	GlobalSection(ProjectConfigurationPlatforms) = postSolution
		{6356D05F-6B8C-470A-98A7-8963C52BBCED}.Debug|Any CPU.ActiveCfg = Debug|Any CPU
		{6356D05F-6B8C-470A-98A7-8963C52BBCED}.Debug|Any CPU.Build.0 = Debug|Any CPU
		{6356D05F-6B8C-470A-98A7-8963C52BBCED}.Release|Any CPU.ActiveCfg = Release|Any CPU
		{6356D05F-6B8C-470A-98A7-8963C52BBCED}.Release|Any CPU.Build.0 = Release|Any CPU
	EndGlobalSection
	GlobalSection(SolutionProperties) = preSolution
		HideSolutionNode = FALSE
	EndGlobalSection
	GlobalSection(ExtensibilityGlobals) = postSolution
		SolutionGuid = {7B0A9C7C-2A08-41DA-BE95-D400317D2D69}
	EndGlobalSection
EndGlobal
